
Microsoft Visual Studio Solution File, Format Version 12.00
# Visual Studio Version 17
VisualStudioVersion = 17.12.35707.178
MinimumVisualStudioVersion = 10.0.40219.1
Project("{FAE04EC0-301F-11D3-BF4B-00C04F79EFBC}") = "MyVocabulary.UI", "MyVocabulary.UI\MyVocabulary.UI.csproj", "{D7E29096-321C-470B-A621-72D4A4D84804}"
EndProject
Project("{FAE04EC0-301F-11D3-BF4B-00C04F79EFBC}") = "MyVocabulary.Domain", "MyVocabulary.Domain\MyVocabulary.Domain.csproj", "{2B6A5C0D-17E5-4C08-BB5E-62B8FE8ED23A}"
EndProject
Project("{FAE04EC0-301F-11D3-BF4B-00C04F79EFBC}") = "MyVocabulary.Application", "MyVocabulary.Application\MyVocabulary.Application.csproj", "{9BAF888E-26D0-4B2A-9150-93577A48E836}"
EndProject
Project("{FAE04EC0-301F-11D3-BF4B-00C04F79EFBC}") = "MyVocabulary.Infrastructure", "MyVocabulary.Infrastructure\MyVocabulary.Infrastructure.csproj", "{144426B7-C540-42E9-ABBE-085C7E0C4EB2}"
EndProject
Global
	GlobalSection(SolutionConfigurationPlatforms) = preSolution
		Debug|Any CPU = Debug|Any CPU
		Release|Any CPU = Release|Any CPU
	EndGlobalSection
	GlobalSection(ProjectConfigurationPlatforms) = postSolution
		{D7E29096-321C-470B-A621-72D4A4D84804}.Debug|Any CPU.ActiveCfg = Debug|Any CPU
		{D7E29096-321C-470B-A621-72D4A4D84804}.Debug|Any CPU.Build.0 = Debug|Any CPU
		{D7E29096-321C-470B-A621-72D4A4D84804}.Debug|Any CPU.Deploy.0 = Debug|Any CPU
		{D7E29096-321C-470B-A621-72D4A4D84804}.Release|Any CPU.ActiveCfg = Release|Any CPU
		{D7E29096-321C-470B-A621-72D4A4D84804}.Release|Any CPU.Build.0 = Release|Any CPU
		{2B6A5C0D-17E5-4C08-BB5E-62B8FE8ED23A}.Debug|Any CPU.ActiveCfg = Debug|Any CPU
		{2B6A5C0D-17E5-4C08-BB5E-62B8FE8ED23A}.Debug|Any CPU.Build.0 = Debug|Any CPU
		{2B6A5C0D-17E5-4C08-BB5E-62B8FE8ED23A}.Release|Any CPU.ActiveCfg = Release|Any CPU
		{2B6A5C0D-17E5-4C08-BB5E-62B8FE8ED23A}.Release|Any CPU.Build.0 = Release|Any CPU
		{9BAF888E-26D0-4B2A-9150-93577A48E836}.Debug|Any CPU.ActiveCfg = Debug|Any CPU
		{9BAF888E-26D0-4B2A-9150-93577A48E836}.Debug|Any CPU.Build.0 = Debug|Any CPU
		{9BAF888E-26D0-4B2A-9150-93577A48E836}.Release|Any CPU.ActiveCfg = Release|Any CPU
		{9BAF888E-26D0-4B2A-9150-93577A48E836}.Release|Any CPU.Build.0 = Release|Any CPU
		{144426B7-C540-42E9-ABBE-085C7E0C4EB2}.Debug|Any CPU.ActiveCfg = Debug|Any CPU
		{144426B7-C540-42E9-ABBE-085C7E0C4EB2}.Debug|Any CPU.Build.0 = Debug|Any CPU
		{144426B7-C540-42E9-ABBE-085C7E0C4EB2}.Release|Any CPU.ActiveCfg = Release|Any CPU
		{144426B7-C540-42E9-ABBE-085C7E0C4EB2}.Release|Any CPU.Build.0 = Release|Any CPU
	EndGlobalSection
	GlobalSection(SolutionProperties) = preSolution
		HideSolutionNode = FALSE
	EndGlobalSection
EndGlobal
